
Microsoft Visual Studio Solution File, Format Version 12.00
# Visual Studio Version 17
VisualStudioVersion = 17.7.34031.279
MinimumVisualStudioVersion = 10.0.40219.1
Project("{8BC9CEB8-8B4A-11D0-8D11-00A0C91BC942}") = "laber72", "laber72.vcxproj", "{BD971FB2-8E14-4062-A870-49C1E2204AD1}"
EndProject
Global
	GlobalSection(SolutionConfigurationPlatforms) = preSolution
		Debug|x64 = Debug|x64
		Debug|x86 = Debug|x86
		Release|x64 = Release|x64
		Release|x86 = Release|x86
	EndGlobalSection
	GlobalSection(ProjectConfigurationPlatforms) = postSolution
		{BD971FB2-8E14-4062-A870-49C1E2204AD1}.Debug|x64.ActiveCfg = Debug|x64
		{BD971FB2-8E14-4062-A870-49C1E2204AD1}.Debug|x64.Build.0 = Debug|x64
		{BD971FB2-8E14-4062-A870-49C1E2204AD1}.Debug|x86.ActiveCfg = Debug|Win32
		{BD971FB2-8E14-4062-A870-49C1E2204AD1}.Debug|x86.Build.0 = Debug|Win32
		{BD971FB2-8E14-4062-A870-49C1E2204AD1}.Release|x64.ActiveCfg = Release|x64
		{BD971FB2-8E14-4062-A870-49C1E2204AD1}.Release|x64.Build.0 = Release|x64
		{BD971FB2-8E14-4062-A870-49C1E2204AD1}.Release|x86.ActiveCfg = Release|Win32
		{BD971FB2-8E14-4062-A870-49C1E2204AD1}.Release|x86.Build.0 = Release|Win32
	EndGlobalSection
	GlobalSection(SolutionProperties) = preSolution
		HideSolutionNode = FALSE
	EndGlobalSection
	GlobalSection(ExtensibilityGlobals) = postSolution
		SolutionGuid = {85109D53-6DA0-4595-9F72-1D2B057390EA}
	EndGlobalSection
EndGlobal
